Microsoft Visual Studio Solution File, Format Version 12.00
# Visual Studio Version 17
VisualStudioVersion = 17.4.33205.214
MinimumVisualStudioVersion = 10.0.40219.1
Project("{2150E333-8FDC-42A3-9474-1A3956D46DE8}") = "01_SOLID", "01_SOLID", "{CEAF82EA-9841-413C-B576-B2BB63435F90}"
EndProject
Project("{9A19103F-16F7-4668-BE54-9A1E7A4F7556}") = "SOLID.SRP", "SOLID.SRP\SOLID.SRP.csproj", "{C88B3AF2-73F1-49F5-A748-F3CD45D20100}"
EndProject
Project("{9A19103F-16F7-4668-BE54-9A1E7A4F7556}") = "SOLID.OCP", "SOLID.OCP\SOLID.OCP.csproj", "{5FB958DE-01BF-41DC-883F-5C70677B5AC9}"
EndProject
Project("{2150E333-8FDC-42A3-9474-1A3956D46DE8}") = "Элементы решения", "Элементы решения", "{AF18C245-827E-4DD0-8780-C550FEB4FB83}"
	ProjectSection(SolutionItems) = preProject
		README.md = README.md
	EndProjectSection
EndProject
Project("{9A19103F-16F7-4668-BE54-9A1E7A4F7556}") = "SOLID.LSP", "SOLID.LSP\SOLID.LSP.csproj", "{6AA420E8-28F7-471E-BF74-35E228714365}"
EndProject
Project("{9A19103F-16F7-4668-BE54-9A1E7A4F7556}") = "SOLID.ISP", "SOLID.ISP\SOLID.ISP.csproj", "{203A2681-2951-4ECB-95CE-2D7E41ACA263}"
EndProject
Project("{9A19103F-16F7-4668-BE54-9A1E7A4F7556}") = "SOLID.DIP", "SOLID.DIP\SOLID.DIP.csproj", "{00401188-040B-4BD2-ABA4-7981D50E35DD}"
EndProject
Project("{2150E333-8FDC-42A3-9474-1A3956D46DE8}") = "02_PATTERNS", "02_PATTERNS", "{BD101A19-668D-4139-BCDB-B3D59F44CFAD}"
EndProject
Project("{FAE04EC0-301F-11D3-BF4B-00C04F79EFBC}") = "BUILDER", "BUILDER\BUILDER.csproj", "{485FAB33-54EC-42B5-AF12-F3F36DD4E5D4}"
EndProject
Global
	GlobalSection(SolutionConfigurationPlatforms) = preSolution
		Debug|Any CPU = Debug|Any CPU
		Release|Any CPU = Release|Any CPU
	EndGlobalSection
	GlobalSection(ProjectConfigurationPlatforms) = postSolution
		{C88B3AF2-73F1-49F5-A748-F3CD45D20100}.Debug|Any CPU.ActiveCfg = Debug|Any CPU
		{C88B3AF2-73F1-49F5-A748-F3CD45D20100}.Debug|Any CPU.Build.0 = Debug|Any CPU
		{C88B3AF2-73F1-49F5-A748-F3CD45D20100}.Release|Any CPU.ActiveCfg = Release|Any CPU
		{C88B3AF2-73F1-49F5-A748-F3CD45D20100}.Release|Any CPU.Build.0 = Release|Any CPU
		{5FB958DE-01BF-41DC-883F-5C70677B5AC9}.Debug|Any CPU.ActiveCfg = Debug|Any CPU
		{5FB958DE-01BF-41DC-883F-5C70677B5AC9}.Debug|Any CPU.Build.0 = Debug|Any CPU
		{5FB958DE-01BF-41DC-883F-5C70677B5AC9}.Release|Any CPU.ActiveCfg = Release|Any CPU
		{5FB958DE-01BF-41DC-883F-5C70677B5AC9}.Release|Any CPU.Build.0 = Release|Any CPU
		{6AA420E8-28F7-471E-BF74-35E228714365}.Debug|Any CPU.ActiveCfg = Debug|Any CPU
		{6AA420E8-28F7-471E-BF74-35E228714365}.Debug|Any CPU.Build.0 = Debug|Any CPU
		{6AA420E8-28F7-471E-BF74-35E228714365}.Release|Any CPU.ActiveCfg = Release|Any CPU
		{6AA420E8-28F7-471E-BF74-35E228714365}.Release|Any CPU.Build.0 = Release|Any CPU
		{203A2681-2951-4ECB-95CE-2D7E41ACA263}.Debug|Any CPU.ActiveCfg = Debug|Any CPU
		{203A2681-2951-4ECB-95CE-2D7E41ACA263}.Debug|Any CPU.Build.0 = Debug|Any CPU
		{203A2681-2951-4ECB-95CE-2D7E41ACA263}.Release|Any CPU.ActiveCfg = Release|Any CPU
		{203A2681-2951-4ECB-95CE-2D7E41ACA263}.Release|Any CPU.Build.0 = Release|Any CPU
		{00401188-040B-4BD2-ABA4-7981D50E35DD}.Debug|Any CPU.ActiveCfg = Debug|Any CPU
		{00401188-040B-4BD2-ABA4-7981D50E35DD}.Debug|Any CPU.Build.0 = Debug|Any CPU
		{00401188-040B-4BD2-ABA4-7981D50E35DD}.Release|Any CPU.ActiveCfg = Release|Any CPU
		{00401188-040B-4BD2-ABA4-7981D50E35DD}.Release|Any CPU.Build.0 = Release|Any CPU
		{485FAB33-54EC-42B5-AF12-F3F36DD4E5D4}.Debug|Any CPU.ActiveCfg = Debug|Any CPU
		{485FAB33-54EC-42B5-AF12-F3F36DD4E5D4}.Debug|Any CPU.Build.0 = Debug|Any CPU
		{485FAB33-54EC-42B5-AF12-F3F36DD4E5D4}.Release|Any CPU.ActiveCfg = Release|Any CPU
		{485FAB33-54EC-42B5-AF12-F3F36DD4E5D4}.Release|Any CPU.Build.0 = Release|Any CPU
	EndGlobalSection
	GlobalSection(SolutionProperties) = preSolution
		HideSolutionNode = FALSE
	EndGlobalSection
	GlobalSection(NestedProjects) = preSolution
		{C88B3AF2-73F1-49F5-A748-F3CD45D20100} = {CEAF82EA-9841-413C-B576-B2BB63435F90}
		{5FB958DE-01BF-41DC-883F-5C70677B5AC9} = {CEAF82EA-9841-413C-B576-B2BB63435F90}
		{6AA420E8-28F7-471E-BF74-35E228714365} = {CEAF82EA-9841-413C-B576-B2BB63435F90}
		{203A2681-2951-4ECB-95CE-2D7E41ACA263} = {CEAF82EA-9841-413C-B576-B2BB63435F90}
		{00401188-040B-4BD2-ABA4-7981D50E35DD} = {CEAF82EA-9841-413C-B576-B2BB63435F90}
		{485FAB33-54EC-42B5-AF12-F3F36DD4E5D4} = {BD101A19-668D-4139-BCDB-B3D59F44CFAD}
	EndGlobalSection
	GlobalSection(ExtensibilityGlobals) = postSolution
		SolutionGuid = {B80A0A7B-37BA-426D-9E47-833D6861DD38}
	EndGlobalSection
EndGlobal
